
Microsoft Visual Studio Solution File, Format Version 12.00
# Visual Studio Version 16
VisualStudioVersion = 16.0.31515.178
MinimumVisualStudioVersion = 10.0.40219.1
Project("{FAE04EC0-301F-11D3-BF4B-00C04F79EFBC}") = "Density", "Density\Density.csproj", "{2F952E07-5A6C-430F-B99B-6A4B6F12246E}"
EndProject
Global
	GlobalSection(SolutionConfigurationPlatforms) = preSolution
		Debug|Any CPU = Debug|Any CPU
		Release|Any CPU = Release|Any CPU
	EndGlobalSection
	GlobalSection(ProjectConfigurationPlatforms) = postSolution
		{2F952E07-5A6C-430F-B99B-6A4B6F12246E}.Debug|Any CPU.ActiveCfg = Debug|Any CPU
		{2F952E07-5A6C-430F-B99B-6A4B6F12246E}.Debug|Any CPU.Build.0 = Debug|Any CPU
		{2F952E07-5A6C-430F-B99B-6A4B6F12246E}.Release|Any CPU.ActiveCfg = Release|Any CPU
		{2F952E07-5A6C-430F-B99B-6A4B6F12246E}.Release|Any CPU.Build.0 = Release|Any CPU
	EndGlobalSection
	GlobalSection(SolutionProperties) = preSolution
		HideSolutionNode = FALSE
	EndGlobalSection
	GlobalSection(ExtensibilityGlobals) = postSolution
		SolutionGuid = {9F5BC32C-B5BE-405A-A76F-918DDA6DA0C4}
	EndGlobalSection
EndGlobal
